
Microsoft Visual Studio Solution File, Format Version 12.00
# Visual Studio Version 17
VisualStudioVersion = 17.5.002.0
MinimumVisualStudioVersion = 10.0.40219.1
Project("{2150E333-8FDC-42A3-9474-1A3956D46DE8}") = "prepare", "prepare", "{1C546088-D942-4800-B3F4-652B1051367A}"
EndProject
Project("{9A19103F-16F7-4668-BE54-9A1E7A4F7556}") = "Learning06", "prepare\Learning06\Learning06.csproj", "{F206B2F1-81B4-4927-98E1-48B206C4A40E}"
EndProject
Project("{9A19103F-16F7-4668-BE54-9A1E7A4F7556}") = "Learning02", "prepare\Learning02\Learning02.csproj", "{5D34A82C-3753-4E81-BF87-75B846F5C91E}"
EndProject
Project("{9A19103F-16F7-4668-BE54-9A1E7A4F7556}") = "Learning05", "prepare\Learning05\Learning05.csproj", "{13875C8B-D9F2-447B-A026-2AA34CC53B80}"
EndProject
Project("{9A19103F-16F7-4668-BE54-9A1E7A4F7556}") = "Learning03", "prepare\Learning03\Learning03.csproj", "{6DCF2BE1-4AFF-4009-A8DF-F73ADAC58FE8}"
EndProject
Project("{2150E333-8FDC-42A3-9474-1A3956D46DE8}") = "prove", "prove", "{E272DB4A-712C-4F53-8D2A-2E99BEA7427F}"
EndProject
Project("{9A19103F-16F7-4668-BE54-9A1E7A4F7556}") = "Develop06", "prove\Develop06\Develop06.csproj", "{F878CDF8-00BF-4082-AAF3-889A6468C4F6}"
EndProject
Project("{9A19103F-16F7-4668-BE54-9A1E7A4F7556}") = "Develop03", "prove\Develop03\Develop03.csproj", "{703A0AB0-4ED6-4826-877F-97BFFA4F47B1}"
EndProject
Project("{9A19103F-16F7-4668-BE54-9A1E7A4F7556}") = "Develop05", "prove\Develop05\Develop05.csproj", "{B0C2514B-10DE-4279-B7EF-2A4E6DFD5C59}"
EndProject
Project("{9A19103F-16F7-4668-BE54-9A1E7A4F7556}") = "Develop02", "prove\Develop02\Develop02.csproj", "{5DC67739-8EFF-4BBE-9595-1DDE687D2978}"
EndProject
Project("{2150E333-8FDC-42A3-9474-1A3956D46DE8}") = "foundation", "foundation", "{E189C1E1-9E6B-47B9-9C14-677A5008ABD3}"
EndProject
Project("{9A19103F-16F7-4668-BE54-9A1E7A4F7556}") = "Foundation1", "foundation\Foundation1\Foundation1.csproj", "{E704CAD4-A5B3-46C6-84F4-CFFC5481DE42}"
EndProject
Project("{9A19103F-16F7-4668-BE54-9A1E7A4F7556}") = "Foundation3", "foundation\Foundation3\Foundation3.csproj", "{74429AF4-76DF-4673-BBA4-852AEC3DA460}"
EndProject
Project("{9A19103F-16F7-4668-BE54-9A1E7A4F7556}") = "Foundation2", "foundation\Foundation2\Foundation2.csproj", "{2C2B5737-F6A9-459F-AF16-AA1463B72045}"
EndProject
Project("{2150E333-8FDC-42A3-9474-1A3956D46DE8}") = "sandbox", "sandbox", "{13C4D404-EB17-4A8C-B163-8C0E045BA069}"
EndProject
Project("{9A19103F-16F7-4668-BE54-9A1E7A4F7556}") = "Sandbox", "sandbox\Sandbox\Sandbox.csproj", "{AFF06618-B897-49C2-B468-17B6F12F0D29}"
EndProject
Project("{2150E333-8FDC-42A3-9474-1A3956D46DE8}") = "csharp-prep", "csharp-prep", "{7ACA2A5F-2537-4A03-B80B-EA2ADF9402CC}"
EndProject
Project("{9A19103F-16F7-4668-BE54-9A1E7A4F7556}") = "Prep1", "csharp-prep\Prep1\Prep1.csproj", "{CD6EF0C8-B169-4A1F-BD00-70C7C94AA580}"
EndProject
Project("{9A19103F-16F7-4668-BE54-9A1E7A4F7556}") = "Prep5", "csharp-prep\Prep5\Prep5.csproj", "{ECB7C9D5-3530-4AF7-8F4A-5DB48C133CFA}"
EndProject
Project("{9A19103F-16F7-4668-BE54-9A1E7A4F7556}") = "Prep2", "csharp-prep\Prep2\Prep2.csproj", "{8807A189-A09C-429F-9587-382F101FFB06}"
EndProject
Project("{9A19103F-16F7-4668-BE54-9A1E7A4F7556}") = "Prep3", "csharp-prep\Prep3\Prep3.csproj", "{8A2DB5FD-6EBF-4FA2-BF1E-AB2BDC914D64}"
EndProject
Project("{9A19103F-16F7-4668-BE54-9A1E7A4F7556}") = "Prep4", "csharp-prep\Prep4\Prep4.csproj", "{7994E738-A7E0-44E5-8555-E6BA3564E8EF}"
EndProject
Global
	GlobalSection(SolutionConfigurationPlatforms) = preSolution
		Debug|Any CPU = Debug|Any CPU
		Release|Any CPU = Release|Any CPU
	EndGlobalSection
	GlobalSection(ProjectConfigurationPlatforms) = postSolution
		{F206B2F1-81B4-4927-98E1-48B206C4A40E}.Debug|Any CPU.ActiveCfg = Debug|Any CPU
		{F206B2F1-81B4-4927-98E1-48B206C4A40E}.Debug|Any CPU.Build.0 = Debug|Any CPU
		{F206B2F1-81B4-4927-98E1-48B206C4A40E}.Release|Any CPU.ActiveCfg = Release|Any CPU
		{F206B2F1-81B4-4927-98E1-48B206C4A40E}.Release|Any CPU.Build.0 = Release|Any CPU
		{5D34A82C-3753-4E81-BF87-75B846F5C91E}.Debug|Any CPU.ActiveCfg = Debug|Any CPU
		{5D34A82C-3753-4E81-BF87-75B846F5C91E}.Debug|Any CPU.Build.0 = Debug|Any CPU
		{5D34A82C-3753-4E81-BF87-75B846F5C91E}.Release|Any CPU.ActiveCfg = Release|Any CPU
		{5D34A82C-3753-4E81-BF87-75B846F5C91E}.Release|Any CPU.Build.0 = Release|Any CPU
		{13875C8B-D9F2-447B-A026-2AA34CC53B80}.Debug|Any CPU.ActiveCfg = Debug|Any CPU
		{13875C8B-D9F2-447B-A026-2AA34CC53B80}.Debug|Any CPU.Build.0 = Debug|Any CPU
		{13875C8B-D9F2-447B-A026-2AA34CC53B80}.Release|Any CPU.ActiveCfg = Release|Any CPU
		{13875C8B-D9F2-447B-A026-2AA34CC53B80}.Release|Any CPU.Build.0 = Release|Any CPU
		{6DCF2BE1-4AFF-4009-A8DF-F73ADAC58FE8}.Debug|Any CPU.ActiveCfg = Debug|Any CPU
		{6DCF2BE1-4AFF-4009-A8DF-F73ADAC58FE8}.Debug|Any CPU.Build.0 = Debug|Any CPU
		{6DCF2BE1-4AFF-4009-A8DF-F73ADAC58FE8}.Release|Any CPU.ActiveCfg = Release|Any CPU
		{6DCF2BE1-4AFF-4009-A8DF-F73ADAC58FE8}.Release|Any CPU.Build.0 = Release|Any CPU
		{F878CDF8-00BF-4082-AAF3-889A6468C4F6}.Debug|Any CPU.ActiveCfg = Debug|Any CPU
		{F878CDF8-00BF-4082-AAF3-889A6468C4F6}.Debug|Any CPU.Build.0 = Debug|Any CPU
		{F878CDF8-00BF-4082-AAF3-889A6468C4F6}.Release|Any CPU.ActiveCfg = Release|Any CPU
		{F878CDF8-00BF-4082-AAF3-889A6468C4F6}.Release|Any CPU.Build.0 = Release|Any CPU
		{703A0AB0-4ED6-4826-877F-97BFFA4F47B1}.Debug|Any CPU.ActiveCfg = Debug|Any CPU
		{703A0AB0-4ED6-4826-877F-97BFFA4F47B1}.Debug|Any CPU.Build.0 = Debug|Any CPU
		{703A0AB0-4ED6-4826-877F-97BFFA4F47B1}.Release|Any CPU.ActiveCfg = Release|Any CPU
		{703A0AB0-4ED6-4826-877F-97BFFA4F47B1}.Release|Any CPU.Build.0 = Release|Any CPU
		{B0C2514B-10DE-4279-B7EF-2A4E6DFD5C59}.Debug|Any CPU.ActiveCfg = Debug|Any CPU
		{B0C2514B-10DE-4279-B7EF-2A4E6DFD5C59}.Debug|Any CPU.Build.0 = Debug|Any CPU
		{B0C2514B-10DE-4279-B7EF-2A4E6DFD5C59}.Release|Any CPU.ActiveCfg = Release|Any CPU
		{B0C2514B-10DE-4279-B7EF-2A4E6DFD5C59}.Release|Any CPU.Build.0 = Release|Any CPU
		{5DC67739-8EFF-4BBE-9595-1DDE687D2978}.Debug|Any CPU.ActiveCfg = Debug|Any CPU
		{5DC67739-8EFF-4BBE-9595-1DDE687D2978}.Debug|Any CPU.Build.0 = Debug|Any CPU
		{5DC67739-8EFF-4BBE-9595-1DDE687D2978}.Release|Any CPU.ActiveCfg = Release|Any CPU
		{5DC67739-8EFF-4BBE-9595-1DDE687D2978}.Release|Any CPU.Build.0 = Release|Any CPU
		{E704CAD4-A5B3-46C6-84F4-CFFC5481DE42}.Debug|Any CPU.ActiveCfg = Debug|Any CPU
		{E704CAD4-A5B3-46C6-84F4-CFFC5481DE42}.Debug|Any CPU.Build.0 = Debug|Any CPU
		{E704CAD4-A5B3-46C6-84F4-CFFC5481DE42}.Release|Any CPU.ActiveCfg = Release|Any CPU
		{E704CAD4-A5B3-46C6-84F4-CFFC5481DE42}.Release|Any CPU.Build.0 = Release|Any CPU
		{74429AF4-76DF-4673-BBA4-852AEC3DA460}.Debug|Any CPU.ActiveCfg = Debug|Any CPU
		{74429AF4-76DF-4673-BBA4-852AEC3DA460}.Debug|Any CPU.Build.0 = Debug|Any CPU
		{74429AF4-76DF-4673-BBA4-852AEC3DA460}.Release|Any CPU.ActiveCfg = Release|Any CPU
		{74429AF4-76DF-4673-BBA4-852AEC3DA460}.Release|Any CPU.Build.0 = Release|Any CPU
		{2C2B5737-F6A9-459F-AF16-AA1463B72045}.Debug|Any CPU.ActiveCfg = Debug|Any CPU
		{2C2B5737-F6A9-459F-AF16-AA1463B72045}.Debug|Any CPU.Build.0 = Debug|Any CPU
		{2C2B5737-F6A9-459F-AF16-AA1463B72045}.Release|Any CPU.ActiveCfg = Release|Any CPU
		{2C2B5737-F6A9-459F-AF16-AA1463B72045}.Release|Any CPU.Build.0 = Release|Any CPU
		{AFF06618-B897-49C2-B468-17B6F12F0D29}.Debug|Any CPU.ActiveCfg = Debug|Any CPU
		{AFF06618-B897-49C2-B468-17B6F12F0D29}.Debug|Any CPU.Build.0 = Debug|Any CPU
		{AFF06618-B897-49C2-B468-17B6F12F0D29}.Release|Any CPU.ActiveCfg = Release|Any CPU
		{AFF06618-B897-49C2-B468-17B6F12F0D29}.Release|Any CPU.Build.0 = Release|Any CPU
		{CD6EF0C8-B169-4A1F-BD00-70C7C94AA580}.Debug|Any CPU.ActiveCfg = Debug|Any CPU
		{CD6EF0C8-B169-4A1F-BD00-70C7C94AA580}.Debug|Any CPU.Build.0 = Debug|Any CPU
		{CD6EF0C8-B169-4A1F-BD00-70C7C94AA580}.Release|Any CPU.ActiveCfg = Release|Any CPU
		{CD6EF0C8-B169-4A1F-BD00-70C7C94AA580}.Release|Any CPU.Build.0 = Release|Any CPU
		{ECB7C9D5-3530-4AF7-8F4A-5DB48C133CFA}.Debug|Any CPU.ActiveCfg = Debug|Any CPU
		{ECB7C9D5-3530-4AF7-8F4A-5DB48C133CFA}.Debug|Any CPU.Build.0 = Debug|Any CPU
		{ECB7C9D5-3530-4AF7-8F4A-5DB48C133CFA}.Release|Any CPU.ActiveCfg = Release|Any CPU
		{ECB7C9D5-3530-4AF7-8F4A-5DB48C133CFA}.Release|Any CPU.Build.0 = Release|Any CPU
		{8807A189-A09C-429F-9587-382F101FFB06}.Debug|Any CPU.ActiveCfg = Debug|Any CPU
		{8807A189-A09C-429F-9587-382F101FFB06}.Debug|Any CPU.Build.0 = Debug|Any CPU
		{8807A189-A09C-429F-9587-382F101FFB06}.Release|Any CPU.ActiveCfg = Release|Any CPU
		{8807A189-A09C-429F-9587-382F101FFB06}.Release|Any CPU.Build.0 = Release|Any CPU
		{8A2DB5FD-6EBF-4FA2-BF1E-AB2BDC914D64}.Debug|Any CPU.ActiveCfg = Debug|Any CPU
		{8A2DB5FD-6EBF-4FA2-BF1E-AB2BDC914D64}.Debug|Any CPU.Build.0 = Debug|Any CPU
		{8A2DB5FD-6EBF-4FA2-BF1E-AB2BDC914D64}.Release|Any CPU.ActiveCfg = Release|Any CPU
		{8A2DB5FD-6EBF-4FA2-BF1E-AB2BDC914D64}.Release|Any CPU.Build.0 = Release|Any CPU
		{7994E738-A7E0-44E5-8555-E6BA3564E8EF}.Debug|Any CPU.ActiveCfg = Debug|Any CPU
		{7994E738-A7E0-44E5-8555-E6BA3564E8EF}.Debug|Any CPU.Build.0 = Debug|Any CPU
		{7994E738-A7E0-44E5-8555-E6BA3564E8EF}.Release|Any CPU.ActiveCfg = Release|Any CPU
		{7994E738-A7E0-44E5-8555-E6BA3564E8EF}.Release|Any CPU.Build.0 = Release|Any CPU
	EndGlobalSection
	GlobalSection(SolutionProperties) = preSolution
		HideSolutionNode = FALSE
	EndGlobalSection
	GlobalSection(NestedProjects) = preSolution
		{F206B2F1-81B4-4927-98E1-48B206C4A40E} = {1C546088-D942-4800-B3F4-652B1051367A}
		{5D34A82C-3753-4E81-BF87-75B846F5C91E} = {1C546088-D942-4800-B3F4-652B1051367A}
		{13875C8B-D9F2-447B-A026-2AA34CC53B80} = {1C546088-D942-4800-B3F4-652B1051367A}
		{6DCF2BE1-4AFF-4009-A8DF-F73ADAC58FE8} = {1C546088-D942-4800-B3F4-652B1051367A}
		{F878CDF8-00BF-4082-AAF3-889A6468C4F6} = {E272DB4A-712C-4F53-8D2A-2E99BEA7427F}
		{703A0AB0-4ED6-4826-877F-97BFFA4F47B1} = {E272DB4A-712C-4F53-8D2A-2E99BEA7427F}
		{B0C2514B-10DE-4279-B7EF-2A4E6DFD5C59} = {E272DB4A-712C-4F53-8D2A-2E99BEA7427F}
		{5DC67739-8EFF-4BBE-9595-1DDE687D2978} = {E272DB4A-712C-4F53-8D2A-2E99BEA7427F}
		{E704CAD4-A5B3-46C6-84F4-CFFC5481DE42} = {E189C1E1-9E6B-47B9-9C14-677A5008ABD3}
		{74429AF4-76DF-4673-BBA4-852AEC3DA460} = {E189C1E1-9E6B-47B9-9C14-677A5008ABD3}
		{2C2B5737-F6A9-459F-AF16-AA1463B72045} = {E189C1E1-9E6B-47B9-9C14-677A5008ABD3}
		{AFF06618-B897-49C2-B468-17B6F12F0D29} = {13C4D404-EB17-4A8C-B163-8C0E045BA069}
		{CD6EF0C8-B169-4A1F-BD00-70C7C94AA580} = {7ACA2A5F-2537-4A03-B80B-EA2ADF9402CC}
		{ECB7C9D5-3530-4AF7-8F4A-5DB48C133CFA} = {7ACA2A5F-2537-4A03-B80B-EA2ADF9402CC}
		{8807A189-A09C-429F-9587-382F101FFB06} = {7ACA2A5F-2537-4A03-B80B-EA2ADF9402CC}
		{8A2DB5FD-6EBF-4FA2-BF1E-AB2BDC914D64} = {7ACA2A5F-2537-4A03-B80B-EA2ADF9402CC}
		{7994E738-A7E0-44E5-8555-E6BA3564E8EF} = {7ACA2A5F-2537-4A03-B80B-EA2ADF9402CC}
	EndGlobalSection
	GlobalSection(ExtensibilityGlobals) = postSolution
		SolutionGuid = {06D55132-FB1C-4310-A601-23FF9876A801}
	EndGlobalSection
EndGlobal
